// !$*UTF8*$!
{
	archiveVersion = 1;
	classes = {
	};
	objectVersion = 46;
	objects = {

/* Begin PBXBuildFile section */
		60F0A27A195930B10002ED56 /* Foundation.framework in Frameworks */ = {isa = PBXBuildFile; fileRef = 60F0A279195930B10002ED56 /* Foundation.framework */; };
		60F0A27C195930B10002ED56 /* CoreGraphics.framework in Frameworks */ = {isa = PBXBuildFile; fileRef = 60F0A27B195930B10002ED56 /* CoreGraphics.framework */; };
		60F0A27E195930B10002ED56 /* UIKit.framework in Frameworks */ = {isa = PBXBuildFile; fileRef = 60F0A27D195930B10002ED56 /* UIKit.framework */; };
		60F0A284195930B10002ED56 /* InfoPlist.strings in Resources */ = {isa = PBXBuildFile; fileRef = 60F0A282195930B10002ED56 /* InfoPlist.strings */; };
		60F0A286195930B10002ED56 /* main.m in Sources */ = {isa = PBXBuildFile; fileRef = 60F0A285195930B10002ED56 /* main.m */; };
		60F0A28A195930B10002ED56 /* AppDelegate.m in Sources */ = {isa = PBXBuildFile; fileRef = 60F0A289195930B10002ED56 /* AppDelegate.m */; };
		60F0A28C195930B10002ED56 /* Images.xcassets in Resources */ = {isa = PBXBuildFile; fileRef = 60F0A28B195930B10002ED56 /* Images.xcassets */; };
		60F0A293195930B10002ED56 /* XCTest.framework in Frameworks */ = {isa = PBXBuildFile; fileRef = 60F0A292195930B10002ED56 /* XCTest.framework */; };
		60F0A294195930B10002ED56 /* Foundation.framework in Frameworks */ = {isa = PBXBuildFile; fileRef = 60F0A279195930B10002ED56 /* Foundation.framework */; };
		60F0A295195930B10002ED56 /* UIKit.framework in Frameworks */ = {isa = PBXBuildFile; fileRef = 60F0A27D195930B10002ED56 /* UIKit.framework */; };
		60F0A29D195930B10002ED56 /* InfoPlist.strings in Resources */ = {isa = PBXBuildFile; fileRef = 60F0A29B195930B10002ED56 /* InfoPlist.strings */; };
		60F0A29F195930B10002ED56 /* homework3Tests.m in Sources */ = {isa = PBXBuildFile; fileRef = 60F0A29E195930B10002ED56 /* homework3Tests.m */; };
		60F0A2AB195930C10002ED56 /* mainViewController.m in Sources */ = {isa = PBXBuildFile; fileRef = 60F0A2A9195930C10002ED56 /* mainViewController.m */; };
		60F0A2AC195930C10002ED56 /* mainViewController.xib in Resources */ = {isa = PBXBuildFile; fileRef = 60F0A2AA195930C10002ED56 /* mainViewController.xib */; };
/* End PBXBuildFile section */

/* Begin PBXContainerItemProxy section */
		60F0A296195930B10002ED56 /* PBXContainerItemProxy */ = {
			isa = PBXContainerItemProxy;
			containerPortal = 60F0A26E195930B10002ED56 /* Project object */;
			proxyType = 1;
			remoteGlobalIDString = 60F0A275195930B10002ED56;
			remoteInfo = homework3;
		};
/* End PBXContainerItemProxy section */

/* Begin PBXFileReference section */
		60F0A276195930B10002ED56 /* homework3.app */ = {isa = PBXFileReference; explicitFileType = wrapper.application; includeInIndex = 0; path = homework3.app; sourceTree = BUILT_PRODUCTS_DIR; };
		60F0A279195930B10002ED56 /* Foundation.framework */ = {isa = PBXFileReference; lastKnownFileType = wrapper.framework; name = Foundation.framework; path = System/Library/Frameworks/Foundation.framework; sourceTree = SDKROOT; };
		60F0A27B195930B10002ED56 /* CoreGraphics.framework */ = {isa = PBXFileReference; lastKnownFileType = wrapper.framework; name = CoreGraphics.framework; path = System/Library/Frameworks/CoreGraphics.framework; sourceTree = SDKROOT; };
		60F0A27D195930B10002ED56 /* UIKit.framework */ = {isa = PBXFileReference; lastKnownFileType = wrapper.framework; name = UIKit.framework; path = System/Library/Frameworks/UIKit.framework; sourceTree = SDKROOT; };
		60F0A281195930B10002ED56 /* homework3-Info.plist */ = {isa = PBXFileReference; lastKnownFileType = text.plist.xml; path = "homework3-Info.plist"; sourceTree = "<group>"; };
		60F0A283195930B10002ED56 /* en */ = {isa = PBXFileReference; lastKnownFileType = text.plist.strings; name = en; path = en.lproj/InfoPlist.strings; sourceTree = "<group>"; };
		60F0A285195930B10002ED56 /* main.m */ = {isa = PBXFileReference; lastKnownFileType = sourcecode.c.objc; path = main.m; sourceTree = "<group>"; };
		60F0A287195930B10002ED56 /* homework3-Prefix.pch */ = {isa = PBXFileReference; lastKnownFileType = sourcecode.c.h; path = "homework3-Prefix.pch"; sourceTree = "<group>"; };
		60F0A288195930B10002ED56 /* AppDelegate.h */ = {isa = PBXFileReference; lastKnownFileType = sourcecode.c.h; path = AppDelegate.h; sourceTree = "<group>"; };
		60F0A289195930B10002ED56 /* AppDelegate.m */ = {isa = PBXFileReference; lastKnownFileType = sourcecode.c.objc; path = AppDelegate.m; sourceTree = "<group>"; };
		60F0A28B195930B10002ED56 /* Images.xcassets */ = {isa = PBXFileReference; lastKnownFileType = folder.assetcatalog; path = Images.xcassets; sourceTree = "<group>"; };
		60F0A291195930B10002ED56 /* homework3Tests.xctest */ = {isa = PBXFileReference; explicitFileType = wrapper.cfbundle; includeInIndex = 0; path = homework3Tests.xctest; sourceTree = BUILT_PRODUCTS_DIR; };
		60F0A292195930B10002ED56 /* XCTest.framework */ = {isa = PBXFileReference; lastKnownFileType = wrapper.framework; name = XCTest.framework; path = Library/Frameworks/XCTest.framework; sourceTree = DEVELOPER_DIR; };
		60F0A29A195930B10002ED56 /* homework3Tests-Info.plist */ = {isa = PBXFileReference; lastKnownFileType = text.plist.xml; path = "homework3Tests-Info.plist"; sourceTree = "<group>"; };
		60F0A29C195930B10002ED56 /* en */ = {isa = PBXFileReference; lastKnownFileType = text.plist.strings; name = en; path = en.lproj/InfoPlist.strings; sourceTree = "<group>"; };
		60F0A29E195930B10002ED56 /* homework3Tests.m */ = {isa = PBXFileReference; lastKnownFileType = sourcecode.c.objc; path = homework3Tests.m; sourceTree = "<group>"; };
		60F0A2A8195930C10002ED56 /* mainViewController.h */ = {isa = PBXFileReference; fileEncoding = 4; lastKnownFileType = sourcecode.c.h; path = mainViewController.h; sourceTree = "<group>"; };
		60F0A2A9195930C10002ED56 /* mainViewController.m */ = {isa = PBXFileReference; fileEncoding = 4; lastKnownFileType = sourcecode.c.objc; path = mainViewController.m; sourceTree = "<group>"; };
		60F0A2AA195930C10002ED56 /* mainViewController.xib */ = {isa = PBXFileReference; fileEncoding = 4; lastKnownFileType = file.xib; path = mainViewController.xib; sourceTree = "<group>"; };
/* End PBXFileReference section */

/* Begin PBXFrameworksBuildPhase section */
		60F0A273195930B10002ED56 /* Frameworks */ = {
			isa = PBXFrameworksBuildPhase;
			buildActionMask = 2147483647;
			files = (
				60F0A27C195930B10002ED56 /* CoreGraphics.framework in Frameworks */,
				60F0A27E195930B10002ED56 /* UIKit.framework in Frameworks */,
				60F0A27A195930B10002ED56 /* Foundation.framework in Frameworks */,
			);
			runOnlyForDeploymentPostprocessing = 0;
		};
		60F0A28E195930B10002ED56 /* Frameworks */ = {
			isa = PBXFrameworksBuildPhase;
			buildActionMask = 2147483647;
			files = (
				60F0A293195930B10002ED56 /* XCTest.framework in Frameworks */,
				60F0A295195930B10002ED56 /* UIKit.framework in Frameworks */,
				60F0A294195930B10002ED56 /* Foundation.framework in Frameworks */,
			);
			runOnlyForDeploymentPostprocessing = 0;
		};
/* End PBXFrameworksBuildPhase section */

/* Begin PBXGroup section */
		60F0A26D195930B10002ED56 = {
			isa = PBXGroup;
			children = (
				60F0A27F195930B10002ED56 /* homework3 */,
				60F0A298195930B10002ED56 /* homework3Tests */,
				60F0A278195930B10002ED56 /* Frameworks */,
				60F0A277195930B10002ED56 /* Products */,
			);
			sourceTree = "<group>";
		};
		60F0A277195930B10002ED56 /* Products */ = {
			isa = PBXGroup;
			children = (
				60F0A276195930B10002ED56 /* homework3.app */,
				60F0A291195930B10002ED56 /* homework3Tests.xctest */,
			);
			name = Products;
			sourceTree = "<group>";
		};
		60F0A278195930B10002ED56 /* Frameworks */ = {
			isa = PBXGroup;
			children = (
				60F0A279195930B10002ED56 /* Foundation.framework */,
				60F0A27B195930B10002ED56 /* CoreGraphics.framework */,
				60F0A27D195930B10002ED56 /* UIKit.framework */,
				60F0A292195930B10002ED56 /* XCTest.framework */,
			);
			name = Frameworks;
			sourceTree = "<group>";
		};
		60F0A27F195930B10002ED56 /* homework3 */ = {
			isa = PBXGroup;
			children = (
				60F0A288195930B10002ED56 /* AppDelegate.h */,
				60F0A289195930B10002ED56 /* AppDelegate.m */,
				60F0A28B195930B10002ED56 /* Images.xcassets */,
				60F0A280195930B10002ED56 /* Supporting Files */,
				60F0A2A8195930C10002ED56 /* mainViewController.h */,
				60F0A2A9195930C10002ED56 /* mainViewController.m */,
				60F0A2AA195930C10002ED56 /* mainViewController.xib */,
			);
			path = homework3;
			sourceTree = "<group>";
		};
		60F0A280195930B10002ED56 /* Supporting Files */ = {
			isa = PBXGroup;
			children = (
				60F0A281195930B10002ED56 /* homework3-Info.plist */,
				60F0A282195930B10002ED56 /* InfoPlist.strings */,
				60F0A285195930B10002ED56 /* main.m */,
				60F0A287195930B10002ED56 /* homework3-Prefix.pch */,
			);
			name = "Supporting Files";
			sourceTree = "<group>";
		};
		60F0A298195930B10002ED56 /* homework3Tests */ = {
			isa = PBXGroup;
			children = (
				60F0A29E195930B10002ED56 /* homework3Tests.m */,
				60F0A299195930B10002ED56 /* Supporting Files */,
			);
			path = homework3Tests;
			sourceTree = "<group>";
		};
		60F0A299195930B10002ED56 /* Supporting Files */ = {
			isa = PBXGroup;
			children = (
				60F0A29A195930B10002ED56 /* homework3Tests-Info.plist */,
				60F0A29B195930B10002ED56 /* InfoPlist.strings */,
			);
			name = "Supporting Files";
			sourceTree = "<group>";
		};
/* End PBXGroup section */

/* Begin PBXNativeTarget section */
		60F0A275195930B10002ED56 /* homework3 */ = {
			isa = PBXNativeTarget;
			buildConfigurationList = 60F0A2A2195930B10002ED56 /* Build configuration list for PBXNativeTarget "homework3" */;
			buildPhases = (
				60F0A272195930B10002ED56 /* Sources */,
				60F0A273195930B10002ED56 /* Frameworks */,
				60F0A274195930B10002ED56 /* Resources */,
			);
			buildRules = (
			);
			dependencies = (
			);
			name = homework3;
			productName = homework3;
			productReference = 60F0A276195930B10002ED56 /* homework3.app */;
			productType = "com.apple.product-type.application";
		};
		60F0A290195930B10002ED56 /* homework3Tests */ = {
			isa = PBXNativeTarget;
			buildConfigurationList = 60F0A2A5195930B10002ED56 /* Build configuration list for PBXNativeTarget "homework3Tests" */;
			buildPhases = (
				60F0A28D195930B10002ED56 /* Sources */,
				60F0A28E195930B10002ED56 /* Frameworks */,
				60F0A28F195930B10002ED56 /* Resources */,
			);
			buildRules = (
			);
			dependencies = (
				60F0A297195930B10002ED56 /* PBXTargetDependency */,
			);
			name = homework3Tests;
			productName = homework3Tests;
			productReference = 60F0A291195930B10002ED56 /* homework3Tests.xctest */;
			productType = "com.apple.product-type.bundle.unit-test";
		};
/* End PBXNativeTarget section */

/* Begin PBXProject section */
		60F0A26E195930B10002ED56 /* Project object */ = {
			isa = PBXProject;
			attributes = {
				LastUpgradeCheck = 0510;
				ORGANIZATIONNAME = naromero;
				TargetAttributes = {
					60F0A275195930B10002ED56 = {
						DevelopmentTeam = V9W7KY986M;
					};
					60F0A290195930B10002ED56 = {
						TestTargetID = 60F0A275195930B10002ED56;
					};
				};
			};
			buildConfigurationList = 60F0A271195930B10002ED56 /* Build configuration list for PBXProject "homework3" */;
			compatibilityVersion = "Xcode 3.2";
			developmentRegion = English;
			hasScannedForEncodings = 0;
			knownRegions = (
				en,
			);
			mainGroup = 60F0A26D195930B10002ED56;
			productRefGroup = 60F0A277195930B10002ED56 /* Products */;
			projectDirPath = "";
			projectRoot = "";
			targets = (
				60F0A275195930B10002ED56 /* homework3 */,
				60F0A290195930B10002ED56 /* homework3Tests */,
			);
		};
/* End PBXProject section */

/* Begin PBXResourcesBuildPhase section */
		60F0A274195930B10002ED56 /* Resources */ = {
			isa = PBXResourcesBuildPhase;
			buildActionMask = 2147483647;
			files = (
				60F0A284195930B10002ED56 /* InfoPlist.strings in Resources */,
				60F0A28C195930B10002ED56 /* Images.xcassets in Resources */,
				60F0A2AC195930C10002ED56 /* mainViewController.xib in Resources */,
			);
			runOnlyForDeploymentPostprocessing = 0;
		};
		60F0A28F195930B10002ED56 /* Resources */ = {
			isa = PBXResourcesBuildPhase;
			buildActionMask = 2147483647;
			files = (
				60F0A29D195930B10002ED56 /* InfoPlist.strings in Resources */,
			);
			runOnlyForDeploymentPostprocessing = 0;
		};
/* End PBXResourcesBuildPhase section */

/* Begin PBXSourcesBuildPhase section */
		60F0A272195930B10002ED56 /* Sources */ = {
			isa = PBXSourcesBuildPhase;
			buildActionMask = 2147483647;
			files = (
				60F0A2AB195930C10002ED56 /* mainViewController.m in Sources */,
				60F0A28A195930B10002ED56 /* AppDelegate.m in Sources */,
				60F0A286195930B10002ED56 /* main.m in Sources */,
			);
			runOnlyForDeploymentPostprocessing = 0;
		};
		60F0A28D195930B10002ED56 /* Sources */ = {
			isa = PBXSourcesBuildPhase;
			buildActionMask = 2147483647;
			files = (
				60F0A29F195930B10002ED56 /* homework3Tests.m in Sources */,
			);
			runOnlyForDeploymentPostprocessing = 0;
		};
/* End PBXSourcesBuildPhase section */

/* Begin PBXTargetDependency section */
		60F0A297195930B10002ED56 /* PBXTargetDependency */ = {
			isa = PBXTargetDependency;
			target = 60F0A275195930B10002ED56 /* homework3 */;
			targetProxy = 60F0A296195930B10002ED56 /* PBXContainerItemProxy */;
		};
/* End PBXTargetDependency section */

/* Begin PBXVariantGroup section */
		60F0A282195930B10002ED56 /* InfoPlist.strings */ = {
			isa = PBXVariantGroup;
			children = (
				60F0A283195930B10002ED56 /* en */,
			);
			name = InfoPlist.strings;
			sourceTree = "<group>";
		};
		60F0A29B195930B10002ED56 /* InfoPlist.strings */ = {
			isa = PBXVariantGroup;
			children = (
				60F0A29C195930B10002ED56 /* en */,
			);
			name = InfoPlist.strings;
			sourceTree = "<group>";
		};
/* End PBXVariantGroup section */

/* Begin XCBuildConfiguration section */
		60F0A2A0195930B10002ED56 /* Debug */ = {
			isa = XCBuildConfiguration;
			buildSettings = {
				ALWAYS_SEARCH_USER_PATHS = NO;
				CLANG_CXX_LANGUAGE_STANDARD = "gnu++0x";
				CLANG_CXX_LIBRARY = "libc++";
				CLANG_ENABLE_MODULES = YES;
				CLANG_ENABLE_OBJC_ARC = YES;
				CLANG_WARN_BOOL_CONVERSION = YES;
				CLANG_WARN_CONSTANT_CONVERSION = YES;
				CLANG_WARN_DIRECT_OBJC_ISA_USAGE = YES_ERROR;
				CLANG_WARN_EMPTY_BODY = YES;
				CLANG_WARN_ENUM_CONVERSION = YES;
				CLANG_WARN_INT_CONVERSION = YES;
				CLANG_WARN_OBJC_ROOT_CLASS = YES_ERROR;
				CLANG_WARN__DUPLICATE_METHOD_MATCH = YES;
				"CODE_SIGN_IDENTITY[sdk=iphoneos*]" = "iPhone Developer";
				COPY_PHASE_STRIP = NO;
				GCC_C_LANGUAGE_STANDARD = gnu99;
				GCC_DYNAMIC_NO_PIC = NO;
				GCC_OPTIMIZATION_LEVEL = 0;
				GCC_PREPROCESSOR_DEFINITIONS = (
					"DEBUG=1",
					"$(inherited)",
				);
				GCC_SYMBOLS_PRIVATE_EXTERN = NO;
				GCC_WARN_64_TO_32_BIT_CONVERSION = YES;
				GCC_WARN_ABOUT_RETURN_TYPE = YES_ERROR;
				GCC_WARN_UNDECLARED_SELECTOR = YES;
				GCC_WARN_UNINITIALIZED_AUTOS = YES_AGGRESSIVE;
				GCC_WARN_UNUSED_FUNCTION = YES;
				GCC_WARN_UNUSED_VARIABLE = YES;
				IPHONEOS_DEPLOYMENT_TARGET = 7.1;
				ONLY_ACTIVE_ARCH = YES;
				SDKROOT = iphoneos;
			};
			name = Debug;
		};
		60F0A2A1195930B10002ED56 /* Release */ = {
			isa = XCBuildConfiguration;
			buildSettings = {
				ALWAYS_SEARCH_USER_PATHS = NO;
				CLANG_CXX_LANGUAGE_STANDARD = "gnu++0x";
				CLANG_CXX_LIBRARY = "libc++";
				CLANG_ENABLE_MODULES = YES;
				CLANG_ENABLE_OBJC_ARC = YES;
				CLANG_WARN_BOOL_CONVERSION = YES;
				CLANG_WARN_CONSTANT_CONVERSION = YES;
				CLANG_WARN_DIRECT_OBJC_ISA_USAGE = YES_ERROR;
				CLANG_WARN_EMPTY_BODY = YES;
				CLANG_WARN_ENUM_CONVERSION = YES;
				CLANG_WARN_INT_CONVERSION = YES;
				CLANG_WARN_OBJC_ROOT_CLASS = YES_ERROR;
				CLANG_WARN__DUPLICATE_METHOD_MATCH = YES;
				"CODE_SIGN_IDENTITY[sdk=iphoneos*]" = "iPhone Developer";
				COPY_PHASE_STRIP = YES;
				ENABLE_NS_ASSERTIONS = NO;
				GCC_C_LANGUAGE_STANDARD = gnu99;
				GCC_WARN_64_TO_32_BIT_CONVERSION = YES;
				GCC_WARN_ABOUT_RETURN_TYPE = YES_ERROR;
				GCC_WARN_UNDECLARED_SELECTOR = YES;
				GCC_WARN_UNINITIALIZED_AUTOS = YES_AGGRESSIVE;
				GCC_WARN_UNUSED_FUNCTION = YES;
				GCC_WARN_UNUSED_VARIABLE = YES;
				IPHONEOS_DEPLOYMENT_TARGET = 7.1;
				SDKROOT = iphoneos;
				VALIDATE_PRODUCT = YES;
			};
			name = Release;
		};
		60F0A2A3195930B10002ED56 /* Debug */ = {
			isa = XCBuildConfiguration;
			buildSettings = {
				ASSETCATALOG_COMPILER_APPICON_NAME = AppIcon;
				ASSETCATALOG_COMPILER_LAUNCHIMAGE_NAME = LaunchImage;
				CODE_SIGN_IDENTITY = "iPhone Developer";
				"CODE_SIGN_IDENTITY[sdk=iphoneos*]" = "iPhone Developer";
				GCC_PRECOMPILE_PREFIX_HEADER = YES;
				GCC_PREFIX_HEADER = "homework3/homework3-Prefix.pch";
				INFOPLIST_FILE = "homework3/homework3-Info.plist";
				PRODUCT_NAME = "$(TARGET_NAME)";
				PROVISIONING_PROFILE = "";
				WRAPPER_EXTENSION = app;
			};
			name = Debug;
		};
		60F0A2A4195930B10002ED56 /* Release */ = {
			isa = XCBuildConfiguration;
			buildSettings = {
				ASSETCATALOG_COMPILER_APPICON_NAME = AppIcon;
				ASSETCATALOG_COMPILER_LAUNCHIMAGE_NAME = LaunchImage;
				CODE_SIGN_IDENTITY = "iPhone Developer";
				"CODE_SIGN_IDENTITY[sdk=iphoneos*]" = "iPhone Developer";
				GCC_PRECOMPILE_PREFIX_HEADER = YES;
				GCC_PREFIX_HEADER = "homework3/homework3-Prefix.pch";
				INFOPLIST_FILE = "homework3/homework3-Info.plist";
				PRODUCT_NAME = "$(TARGET_NAME)";
				PROVISIONING_PROFILE = "";
				WRAPPER_EXTENSION = app;
			};
			name = Release;
		};
		60F0A2A6195930B10002ED56 /* Debug */ = {
			isa = XCBuildConfiguration;
			buildSettings = {
				BUNDLE_LOADER = "$(BUILT_PRODUCTS_DIR)/homework3.app/homework3";
				FRAMEWORK_SEARCH_PATHS = (
					"$(SDKROOT)/Developer/Library/Frameworks",
					"$(inherited)",
					"$(DEVELOPER_FRAMEWORKS_DIR)",
				);
				GCC_PRECOMPILE_PREFIX_HEADER = YES;
				GCC_PREFIX_HEADER = "homework3/homework3-Prefix.pch";
				GCC_PREPROCESSOR_DEFINITIONS = (
					"DEBUG=1",
					"$(inherited)",
				);
				INFOPLIST_FILE = "homework3Tests/homework3Tests-Info.plist";
				PRODUCT_NAME = "$(TARGET_NAME)";
				TEST_HOST = "$(BUNDLE_LOADER)";
				WRAPPER_EXTENSION = xctest;
			};
			name = Debug;
		};
		60F0A2A7195930B10002ED56 /* Release */ = {
			isa = XCBuildConfiguration;
			buildSettings = {
				BUNDLE_LOADER = "$(BUILT_PRODUCTS_DIR)/homework3.app/homework3";
				FRAMEWORK_SEARCH_PATHS = (
					"$(SDKROOT)/Developer/Library/Frameworks",
					"$(inherited)",
					"$(DEVELOPER_FRAMEWORKS_DIR)",
				);
				GCC_PRECOMPILE_PREFIX_HEADER = YES;
				GCC_PREFIX_HEADER = "homework3/homework3-Prefix.pch";
				INFOPLIST_FILE = "homework3Tests/homework3Tests-Info.plist";
				PRODUCT_NAME = "$(TARGET_NAME)";
				TEST_HOST = "$(BUNDLE_LOADER)";
				WRAPPER_EXTENSION = xctest;
			};
			name = Release;
		};
/* End XCBuildConfiguration section */

/* Begin XCConfigurationList section */
		60F0A271195930B10002ED56 /* Build configuration list for PBXProject "homework3" */ = {
			isa = XCConfigurationList;
			buildConfigurations = (
				60F0A2A0195930B10002ED56 /* Debug */,
				60F0A2A1195930B10002ED56 /* Release */,
			);
			defaultConfigurationIsVisible = 0;
			defaultConfigurationName = Release;
		};
		60F0A2A2195930B10002ED56 /* Build configuration list for PBXNativeTarget "homework3" */ = {
			isa = XCConfigurationList;
			buildConfigurations = (
				60F0A2A3195930B10002ED56 /* Debug */,
				60F0A2A4195930B10002ED56 /* Release */,
			);
			defaultConfigurationIsVisible = 0;
			defaultConfigurationName = Release;
		};
		60F0A2A5195930B10002ED56 /* Build configuration list for PBXNativeTarget "homework3Tests" */ = {
			isa = XCConfigurationList;
			buildConfigurations = (
				60F0A2A6195930B10002ED56 /* Debug */,
				60F0A2A7195930B10002ED56 /* Release */,
			);
			defaultConfigurationIsVisible = 0;
			defaultConfigurationName = Release;
		};
/* End XCConfigurationList section */
	};
	rootObject = 60F0A26E195930B10002ED56 /* Project object */;
}
